
Microsoft Visual Studio Solution File, Format Version 12.00
# Visual Studio Version 17
VisualStudioVersion = 17.0.31903.59
MinimumVisualStudioVersion = 10.0.40219.1
Project("{FAE04EC0-301F-11D3-BF4B-00C04F79EFBC}") = "AuthenticatedAPI", "AuthenticatedAPI\AuthenticatedAPI.csproj", "{4580F36B-07E5-4827-BF0A-08D99319C5E1}"
EndProject
Project("{FAE04EC0-301F-11D3-BF4B-00C04F79EFBC}") = "AuthenticatedModels", "AuthenticatedModels\AuthenticatedModels.csproj", "{225FD741-CF54-4BA0-A3E7-DC4CB2FE3BA5}"
EndProject
Project("{FAE04EC0-301F-11D3-BF4B-00C04F79EFBC}") = "AuthenticatedTests", "AuthenticatedTests\AuthenticatedTests.csproj", "{6B3F46D0-79FB-4536-AA2F-1FF7F5764CDE}"
EndProject
Global
	GlobalSection(SolutionConfigurationPlatforms) = preSolution
		Debug|Any CPU = Debug|Any CPU
		Release|Any CPU = Release|Any CPU
	EndGlobalSection
	GlobalSection(SolutionProperties) = preSolution
		HideSolutionNode = FALSE
	EndGlobalSection
	GlobalSection(ProjectConfigurationPlatforms) = postSolution
		{4580F36B-07E5-4827-BF0A-08D99319C5E1}.Debug|Any CPU.ActiveCfg = Debug|Any CPU
		{4580F36B-07E5-4827-BF0A-08D99319C5E1}.Debug|Any CPU.Build.0 = Debug|Any CPU
		{4580F36B-07E5-4827-BF0A-08D99319C5E1}.Release|Any CPU.ActiveCfg = Release|Any CPU
		{4580F36B-07E5-4827-BF0A-08D99319C5E1}.Release|Any CPU.Build.0 = Release|Any CPU
		{225FD741-CF54-4BA0-A3E7-DC4CB2FE3BA5}.Debug|Any CPU.ActiveCfg = Debug|Any CPU
		{225FD741-CF54-4BA0-A3E7-DC4CB2FE3BA5}.Debug|Any CPU.Build.0 = Debug|Any CPU
		{225FD741-CF54-4BA0-A3E7-DC4CB2FE3BA5}.Release|Any CPU.ActiveCfg = Release|Any CPU
		{225FD741-CF54-4BA0-A3E7-DC4CB2FE3BA5}.Release|Any CPU.Build.0 = Release|Any CPU
		{6B3F46D0-79FB-4536-AA2F-1FF7F5764CDE}.Debug|Any CPU.ActiveCfg = Debug|Any CPU
		{6B3F46D0-79FB-4536-AA2F-1FF7F5764CDE}.Debug|Any CPU.Build.0 = Debug|Any CPU
		{6B3F46D0-79FB-4536-AA2F-1FF7F5764CDE}.Release|Any CPU.ActiveCfg = Release|Any CPU
		{6B3F46D0-79FB-4536-AA2F-1FF7F5764CDE}.Release|Any CPU.Build.0 = Release|Any CPU
	EndGlobalSection
EndGlobal
